// !$*UTF8*$!
{
	archiveVersion = 1;
	classes = {
	};
	objectVersion = 50;
	objects = {

/* Begin PBXBuildFile section */
		BF1C205225CD9403002FE39F /* NightWatchApp.swift in Sources */ = {isa = PBXBuildFile; fileRef = BF1C205125CD9403002FE39F /* NightWatchApp.swift */; };
		BF1C205425CD9403002FE39F /* ContentView.swift in Sources */ = {isa = PBXBuildFile; fileRef = BF1C205325CD9403002FE39F /* ContentView.swift */; };
		BF1C205625CD9406002FE39F /* Assets.xcassets in Resources */ = {isa = PBXBuildFile; fileRef = BF1C205525CD9406002FE39F /* Assets.xcassets */; };
		BF1C205925CD9406002FE39F /* Preview Assets.xcassets in Resources */ = {isa = PBXBuildFile; fileRef = BF1C205825CD9406002FE39F /* Preview Assets.xcassets */; };
		BF1C206425CD9406002FE39F /* NightWatchTests.swift in Sources */ = {isa = PBXBuildFile; fileRef = BF1C206325CD9406002FE39F /* NightWatchTests.swift */; };
		BF1C206F25CD9406002FE39F /* NightWatchUITests.swift in Sources */ = {isa = PBXBuildFile; fileRef = BF1C206E25CD9406002FE39F /* NightWatchUITests.swift */; };
/* End PBXBuildFile section */

/* Begin PBXContainerItemProxy section */
		BF1C206025CD9406002FE39F /* PBXContainerItemProxy */ = {
			isa = PBXContainerItemProxy;
			containerPortal = BF1C204625CD9403002FE39F /* Project object */;
			proxyType = 1;
			remoteGlobalIDString = BF1C204D25CD9403002FE39F;
			remoteInfo = NightWatch;
		};
		BF1C206B25CD9406002FE39F /* PBXContainerItemProxy */ = {
			isa = PBXContainerItemProxy;
			containerPortal = BF1C204625CD9403002FE39F /* Project object */;
			proxyType = 1;
			remoteGlobalIDString = BF1C204D25CD9403002FE39F;
			remoteInfo = NightWatch;
		};
/* End PBXContainerItemProxy section */

/* Begin PBXFileReference section */
		BF1C204E25CD9403002FE39F /* NightWatch.app */ = {isa = PBXFileReference; explicitFileType = wrapper.application; includeInIndex = 0; path = NightWatch.app; sourceTree = BUILT_PRODUCTS_DIR; };
		BF1C205125CD9403002FE39F /* NightWatchApp.swift */ = {isa = PBXFileReference; lastKnownFileType = sourcecode.swift; path = NightWatchApp.swift; sourceTree = "<group>"; };
		BF1C205325CD9403002FE39F /* ContentView.swift */ = {isa = PBXFileReference; lastKnownFileType = sourcecode.swift; path = ContentView.swift; sourceTree = "<group>"; };
		BF1C205525CD9406002FE39F /* Assets.xcassets */ = {isa = PBXFileReference; lastKnownFileType = folder.assetcatalog; path = Assets.xcassets; sourceTree = "<group>"; };
		BF1C205825CD9406002FE39F /* Preview Assets.xcassets */ = {isa = PBXFileReference; lastKnownFileType = folder.assetcatalog; path = "Preview Assets.xcassets"; sourceTree = "<group>"; };
		BF1C205A25CD9406002FE39F /* Info.plist */ = {isa = PBXFileReference; lastKnownFileType = text.plist.xml; path = Info.plist; sourceTree = "<group>"; };
		BF1C205F25CD9406002FE39F /* NightWatchTests.xctest */ = {isa = PBXFileReference; explicitFileType = wrapper.cfbundle; includeInIndex = 0; path = NightWatchTests.xctest; sourceTree = BUILT_PRODUCTS_DIR; };
		BF1C206325CD9406002FE39F /* NightWatchTests.swift */ = {isa = PBXFileReference; lastKnownFileType = sourcecode.swift; path = NightWatchTests.swift; sourceTree = "<group>"; };
		BF1C206525CD9406002FE39F /* Info.plist */ = {isa = PBXFileReference; lastKnownFileType = text.plist.xml; path = Info.plist; sourceTree = "<group>"; };
		BF1C206A25CD9406002FE39F /* NightWatchUITests.xctest */ = {isa = PBXFileReference; explicitFileType = wrapper.cfbundle; includeInIndex = 0; path = NightWatchUITests.xctest; sourceTree = BUILT_PRODUCTS_DIR; };
		BF1C206E25CD9406002FE39F /* NightWatchUITests.swift */ = {isa = PBXFileReference; lastKnownFileType = sourcecode.swift; path = NightWatchUITests.swift; sourceTree = "<group>"; };
		BF1C207025CD9406002FE39F /* Info.plist */ = {isa = PBXFileReference; lastKnownFileType = text.plist.xml; path = Info.plist; sourceTree = "<group>"; };
/* End PBXFileReference section */

/* Begin PBXFrameworksBuildPhase section */
		BF1C204B25CD9403002FE39F /* Frameworks */ = {
			isa = PBXFrameworksBuildPhase;
			buildActionMask = 2147483647;
			files = (
			);
			runOnlyForDeploymentPostprocessing = 0;
		};
		BF1C205C25CD9406002FE39F /* Frameworks */ = {
			isa = PBXFrameworksBuildPhase;
			buildActionMask = 2147483647;
			files = (
			);
			runOnlyForDeploymentPostprocessing = 0;
		};
		BF1C206725CD9406002FE39F /* Frameworks */ = {
			isa = PBXFrameworksBuildPhase;
			buildActionMask = 2147483647;
			files = (
			);
			runOnlyForDeploymentPostprocessing = 0;
		};
/* End PBXFrameworksBuildPhase section */

/* Begin PBXGroup section */
		BF1C204525CD9403002FE39F = {
			isa = PBXGroup;
			children = (
				BF1C205025CD9403002FE39F /* NightWatch */,
				BF1C206225CD9406002FE39F /* NightWatchTests */,
				BF1C206D25CD9406002FE39F /* NightWatchUITests */,
				BF1C204F25CD9403002FE39F /* Products */,
			);
			sourceTree = "<group>";
		};
		BF1C204F25CD9403002FE39F /* Products */ = {
			isa = PBXGroup;
			children = (
				BF1C204E25CD9403002FE39F /* NightWatch.app */,
				BF1C205F25CD9406002FE39F /* NightWatchTests.xctest */,
				BF1C206A25CD9406002FE39F /* NightWatchUITests.xctest */,
			);
			name = Products;
			sourceTree = "<group>";
		};
		BF1C205025CD9403002FE39F /* NightWatch */ = {
			isa = PBXGroup;
			children = (
				BF1C205125CD9403002FE39F /* NightWatchApp.swift */,
				BF1C205325CD9403002FE39F /* ContentView.swift */,
				BF1C205525CD9406002FE39F /* Assets.xcassets */,
				BF1C205A25CD9406002FE39F /* Info.plist */,
				BF1C205725CD9406002FE39F /* Preview Content */,
			);
			path = NightWatch;
			sourceTree = "<group>";
		};
		BF1C205725CD9406002FE39F /* Preview Content */ = {
			isa = PBXGroup;
			children = (
				BF1C205825CD9406002FE39F /* Preview Assets.xcassets */,
			);
			path = "Preview Content";
			sourceTree = "<group>";
		};
		BF1C206225CD9406002FE39F /* NightWatchTests */ = {
			isa = PBXGroup;
			children = (
				BF1C206325CD9406002FE39F /* NightWatchTests.swift */,
				BF1C206525CD9406002FE39F /* Info.plist */,
			);
			path = NightWatchTests;
			sourceTree = "<group>";
		};
		BF1C206D25CD9406002FE39F /* NightWatchUITests */ = {
			isa = PBXGroup;
			children = (
				BF1C206E25CD9406002FE39F /* NightWatchUITests.swift */,
				BF1C207025CD9406002FE39F /* Info.plist */,
			);
			path = NightWatchUITests;
			sourceTree = "<group>";
		};
/* End PBXGroup section */

/* Begin PBXNativeTarget section */
		BF1C204D25CD9403002FE39F /* NightWatch */ = {
			isa = PBXNativeTarget;
			buildConfigurationList = BF1C207325CD9406002FE39F /* Build configuration list for PBXNativeTarget "NightWatch" */;
			buildPhases = (
				BF1C204A25CD9403002FE39F /* Sources */,
				BF1C204B25CD9403002FE39F /* Frameworks */,
				BF1C204C25CD9403002FE39F /* Resources */,
			);
			buildRules = (
			);
			dependencies = (
			);
			name = NightWatch;
			productName = NightWatch;
			productReference = BF1C204E25CD9403002FE39F /* NightWatch.app */;
			productType = "com.apple.product-type.application";
		};
		BF1C205E25CD9406002FE39F /* NightWatchTests */ = {
			isa = PBXNativeTarget;
			buildConfigurationList = BF1C207625CD9406002FE39F /* Build configuration list for PBXNativeTarget "NightWatchTests" */;
			buildPhases = (
				BF1C205B25CD9406002FE39F /* Sources */,
				BF1C205C25CD9406002FE39F /* Frameworks */,
				BF1C205D25CD9406002FE39F /* Resources */,
			);
			buildRules = (
			);
			dependencies = (
				BF1C206125CD9406002FE39F /* PBXTargetDependency */,
			);
			name = NightWatchTests;
			productName = NightWatchTests;
			productReference = BF1C205F25CD9406002FE39F /* NightWatchTests.xctest */;
			productType = "com.apple.product-type.bundle.unit-test";
		};
		BF1C206925CD9406002FE39F /* NightWatchUITests */ = {
			isa = PBXNativeTarget;
			buildConfigurationList = BF1C207925CD9406002FE39F /* Build configuration list for PBXNativeTarget "NightWatchUITests" */;
			buildPhases = (
				BF1C206625CD9406002FE39F /* Sources */,
				BF1C206725CD9406002FE39F /* Frameworks */,
				BF1C206825CD9406002FE39F /* Resources */,
			);
			buildRules = (
			);
			dependencies = (
				BF1C206C25CD9406002FE39F /* PBXTargetDependency */,
			);
			name = NightWatchUITests;
			productName = NightWatchUITests;
			productReference = BF1C206A25CD9406002FE39F /* NightWatchUITests.xctest */;
			productType = "com.apple.product-type.bundle.ui-testing";
		};
/* End PBXNativeTarget section */

/* Begin PBXProject section */
		BF1C204625CD9403002FE39F /* Project object */ = {
			isa = PBXProject;
			attributes = {
				LastSwiftUpdateCheck = 1240;
				LastUpgradeCheck = 1240;
				TargetAttributes = {
					BF1C204D25CD9403002FE39F = {
						CreatedOnToolsVersion = 12.4;
					};
					BF1C205E25CD9406002FE39F = {
						CreatedOnToolsVersion = 12.4;
						TestTargetID = BF1C204D25CD9403002FE39F;
					};
					BF1C206925CD9406002FE39F = {
						CreatedOnToolsVersion = 12.4;
						TestTargetID = BF1C204D25CD9403002FE39F;
					};
				};
			};
			buildConfigurationList = BF1C204925CD9403002FE39F /* Build configuration list for PBXProject "NightWatch" */;
			compatibilityVersion = "Xcode 9.3";
			developmentRegion = en;
			hasScannedForEncodings = 0;
			knownRegions = (
				en,
				Base,
			);
			mainGroup = BF1C204525CD9403002FE39F;
			productRefGroup = BF1C204F25CD9403002FE39F /* Products */;
			projectDirPath = "";
			projectRoot = "";
			targets = (
				BF1C204D25CD9403002FE39F /* NightWatch */,
				BF1C205E25CD9406002FE39F /* NightWatchTests */,
				BF1C206925CD9406002FE39F /* NightWatchUITests */,
			);
		};
/* End PBXProject section */

/* Begin PBXResourcesBuildPhase section */
		BF1C204C25CD9403002FE39F /* Resources */ = {
			isa = PBXResourcesBuildPhase;
			buildActionMask = 2147483647;
			files = (
				BF1C205925CD9406002FE39F /* Preview Assets.xcassets in Resources */,
				BF1C205625CD9406002FE39F /* Assets.xcassets in Resources */,
			);
			runOnlyForDeploymentPostprocessing = 0;
		};
		BF1C205D25CD9406002FE39F /* Resources */ = {
			isa = PBXResourcesBuildPhase;
			buildActionMask = 2147483647;
			files = (
			);
			runOnlyForDeploymentPostprocessing = 0;
		};
		BF1C206825CD9406002FE39F /* Resources */ = {
			isa = PBXResourcesBuildPhase;
			buildActionMask = 2147483647;
			files = (
			);
			runOnlyForDeploymentPostprocessing = 0;
		};
/* End PBXResourcesBuildPhase section */

/* Begin PBXSourcesBuildPhase section */
		BF1C204A25CD9403002FE39F /* Sources */ = {
			isa = PBXSourcesBuildPhase;
			buildActionMask = 2147483647;
			files = (
				BF1C205425CD9403002FE39F /* ContentView.swift in Sources */,
				BF1C205225CD9403002FE39F /* NightWatchApp.swift in Sources */,
			);
			runOnlyForDeploymentPostprocessing = 0;
		};
		BF1C205B25CD9406002FE39F /* Sources */ = {
			isa = PBXSourcesBuildPhase;
			buildActionMask = 2147483647;
			files = (
				BF1C206425CD9406002FE39F /* NightWatchTests.swift in Sources */,
			);
			runOnlyForDeploymentPostprocessing = 0;
		};
		BF1C206625CD9406002FE39F /* Sources */ = {
			isa = PBXSourcesBuildPhase;
			buildActionMask = 2147483647;
			files = (
				BF1C206F25CD9406002FE39F /* NightWatchUITests.swift in Sources */,
			);
			runOnlyForDeploymentPostprocessing = 0;
		};
/* End PBXSourcesBuildPhase section */

/* Begin PBXTargetDependency section */
		BF1C206125CD9406002FE39F /* PBXTargetDependency */ = {
			isa = PBXTargetDependency;
			target = BF1C204D25CD9403002FE39F /* NightWatch */;
			targetProxy = BF1C206025CD9406002FE39F /* PBXContainerItemProxy */;
		};
		BF1C206C25CD9406002FE39F /* PBXTargetDependency */ = {
			isa = PBXTargetDependency;
			target = BF1C204D25CD9403002FE39F /* NightWatch */;
			targetProxy = BF1C206B25CD9406002FE39F /* PBXContainerItemProxy */;
		};
/* End PBXTargetDependency section */

/* Begin XCBuildConfiguration section */
		BF1C207125CD9406002FE39F /* Debug */ = {
			isa = XCBuildConfiguration;
			buildSettings = {
				ALWAYS_SEARCH_USER_PATHS = NO;
				CLANG_ANALYZER_NONNULL = YES;
				CLANG_ANALYZER_NUMBER_OBJECT_CONVERSION = YES_AGGRESSIVE;
				CLANG_CXX_LANGUAGE_STANDARD = "gnu++14";
				CLANG_CXX_LIBRARY = "libc++";
				CLANG_ENABLE_MODULES = YES;
				CLANG_ENABLE_OBJC_ARC = YES;
				CLANG_ENABLE_OBJC_WEAK = YES;
				CLANG_WARN_BLOCK_CAPTURE_AUTORELEASING = YES;
				CLANG_WARN_BOOL_CONVERSION = YES;
				CLANG_WARN_COMMA = YES;
				CLANG_WARN_CONSTANT_CONVERSION = YES;
				CLANG_WARN_DEPRECATED_OBJC_IMPLEMENTATIONS = YES;
				CLANG_WARN_DIRECT_OBJC_ISA_USAGE = YES_ERROR;
				CLANG_WARN_DOCUMENTATION_COMMENTS = YES;
				CLANG_WARN_EMPTY_BODY = YES;
				CLANG_WARN_ENUM_CONVERSION = YES;
				CLANG_WARN_INFINITE_RECURSION = YES;
				CLANG_WARN_INT_CONVERSION = YES;
				CLANG_WARN_NON_LITERAL_NULL_CONVERSION = YES;
				CLANG_WARN_OBJC_IMPLICIT_RETAIN_SELF = YES;
				CLANG_WARN_OBJC_LITERAL_CONVERSION = YES;
				CLANG_WARN_OBJC_ROOT_CLASS = YES_ERROR;
				CLANG_WARN_QUOTED_INCLUDE_IN_FRAMEWORK_HEADER = YES;
				CLANG_WARN_RANGE_LOOP_ANALYSIS = YES;
				CLANG_WARN_STRICT_PROTOTYPES = YES;
				CLANG_WARN_SUSPICIOUS_MOVE = YES;
				CLANG_WARN_UNGUARDED_AVAILABILITY = YES_AGGRESSIVE;
				CLANG_WARN_UNREACHABLE_CODE = YES;
				CLANG_WARN__DUPLICATE_METHOD_MATCH = YES;
				COPY_PHASE_STRIP = NO;
				DEBUG_INFORMATION_FORMAT = dwarf;
				ENABLE_STRICT_OBJC_MSGSEND = YES;
				ENABLE_TESTABILITY = YES;
				GCC_C_LANGUAGE_STANDARD = gnu11;
				GCC_DYNAMIC_NO_PIC = NO;
				GCC_NO_COMMON_BLOCKS = YES;
				GCC_OPTIMIZATION_LEVEL = 0;
				GCC_PREPROCESSOR_DEFINITIONS = (
					"DEBUG=1",
					"$(inherited)",
				);
				GCC_WARN_64_TO_32_BIT_CONVERSION = YES;
				GCC_WARN_ABOUT_RETURN_TYPE = YES_ERROR;
				GCC_WARN_UNDECLARED_SELECTOR = YES;
				GCC_WARN_UNINITIALIZED_AUTOS = YES_AGGRESSIVE;
				GCC_WARN_UNUSED_FUNCTION = YES;
				GCC_WARN_UNUSED_VARIABLE = YES;
				IPHONEOS_DEPLOYMENT_TARGET = 14.4;
				MTL_ENABLE_DEBUG_INFO = INCLUDE_SOURCE;
				MTL_FAST_MATH = YES;
				ONLY_ACTIVE_ARCH = YES;
				SDKROOT = iphoneos;
				SWIFT_ACTIVE_COMPILATION_CONDITIONS = DEBUG;
				SWIFT_OPTIMIZATION_LEVEL = "-Onone";
			};
			name = Debug;
		};
		BF1C207225CD9406002FE39F /* Release */ = {
			isa = XCBuildConfiguration;
			buildSettings = {
				ALWAYS_SEARCH_USER_PATHS = NO;
				CLANG_ANALYZER_NONNULL = YES;
				CLANG_ANALYZER_NUMBER_OBJECT_CONVERSION = YES_AGGRESSIVE;
				CLANG_CXX_LANGUAGE_STANDARD = "gnu++14";
				CLANG_CXX_LIBRARY = "libc++";
				CLANG_ENABLE_MODULES = YES;
				CLANG_ENABLE_OBJC_ARC = YES;
				CLANG_ENABLE_OBJC_WEAK = YES;
				CLANG_WARN_BLOCK_CAPTURE_AUTORELEASING = YES;
				CLANG_WARN_BOOL_CONVERSION = YES;
				CLANG_WARN_COMMA = YES;
				CLANG_WARN_CONSTANT_CONVERSION = YES;
				CLANG_WARN_DEPRECATED_OBJC_IMPLEMENTATIONS = YES;
				CLANG_WARN_DIRECT_OBJC_ISA_USAGE = YES_ERROR;
				CLANG_WARN_DOCUMENTATION_COMMENTS = YES;
				CLANG_WARN_EMPTY_BODY = YES;
				CLANG_WARN_ENUM_CONVERSION = YES;
				CLANG_WARN_INFINITE_RECURSION = YES;
				CLANG_WARN_INT_CONVERSION = YES;
				CLANG_WARN_NON_LITERAL_NULL_CONVERSION = YES;
				CLANG_WARN_OBJC_IMPLICIT_RETAIN_SELF = YES;
				CLANG_WARN_OBJC_LITERAL_CONVERSION = YES;
				CLANG_WARN_OBJC_ROOT_CLASS = YES_ERROR;
				CLANG_WARN_QUOTED_INCLUDE_IN_FRAMEWORK_HEADER = YES;
				CLANG_WARN_RANGE_LOOP_ANALYSIS = YES;
				CLANG_WARN_STRICT_PROTOTYPES = YES;
				CLANG_WARN_SUSPICIOUS_MOVE = YES;
				CLANG_WARN_UNGUARDED_AVAILABILITY = YES_AGGRESSIVE;
				CLANG_WARN_UNREACHABLE_CODE = YES;
				CLANG_WARN__DUPLICATE_METHOD_MATCH = YES;
				COPY_PHASE_STRIP = NO;
				DEBUG_INFORMATION_FORMAT = "dwarf-with-dsym";
				ENABLE_NS_ASSERTIONS = NO;
				ENABLE_STRICT_OBJC_MSGSEND = YES;
				GCC_C_LANGUAGE_STANDARD = gnu11;
				GCC_NO_COMMON_BLOCKS = YES;
				GCC_WARN_64_TO_32_BIT_CONVERSION = YES;
				GCC_WARN_ABOUT_RETURN_TYPE = YES_ERROR;
				GCC_WARN_UNDECLARED_SELECTOR = YES;
				GCC_WARN_UNINITIALIZED_AUTOS = YES_AGGRESSIVE;
				GCC_WARN_UNUSED_FUNCTION = YES;
				GCC_WARN_UNUSED_VARIABLE = YES;
				IPHONEOS_DEPLOYMENT_TARGET = 14.4;
				MTL_ENABLE_DEBUG_INFO = NO;
				MTL_FAST_MATH = YES;
				SDKROOT = iphoneos;
				SWIFT_COMPILATION_MODE = wholemodule;
				SWIFT_OPTIMIZATION_LEVEL = "-O";
				VALIDATE_PRODUCT = YES;
			};
			name = Release;
		};
		BF1C207425CD9406002FE39F /* Debug */ = {
			isa = XCBuildConfiguration;
			buildSettings = {
				ASSETCATALOG_COMPILER_APPICON_NAME = AppIcon;
				ASSETCATALOG_COMPILER_GLOBAL_ACCENT_COLOR_NAME = AccentColor;
				CODE_SIGN_STYLE = Automatic;
				DEVELOPMENT_ASSET_PATHS = "\"NightWatch/Preview Content\"";
				ENABLE_PREVIEWS = YES;
				INFOPLIST_FILE = NightWatch/Info.plist;
				IPHONEOS_DEPLOYMENT_TARGET = 14.0;
				LD_RUNPATH_SEARCH_PATHS = (
					"$(inherited)",
					"@executable_path/Frameworks",
				);
				PRODUCT_BUNDLE_IDENTIFIER = com.example.NightWatch;
				PRODUCT_NAME = "$(TARGET_NAME)";
				SWIFT_VERSION = 5.0;
				TARGETED_DEVICE_FAMILY = "1,2";
			};
			name = Debug;
		};
		BF1C207525CD9406002FE39F /* Release */ = {
			isa = XCBuildConfiguration;
			buildSettings = {
				ASSETCATALOG_COMPILER_APPICON_NAME = AppIcon;
				ASSETCATALOG_COMPILER_GLOBAL_ACCENT_COLOR_NAME = AccentColor;
				CODE_SIGN_STYLE = Automatic;
				DEVELOPMENT_ASSET_PATHS = "\"NightWatch/Preview Content\"";
				ENABLE_PREVIEWS = YES;
				INFOPLIST_FILE = NightWatch/Info.plist;
				IPHONEOS_DEPLOYMENT_TARGET = 14.0;
				LD_RUNPATH_SEARCH_PATHS = (
					"$(inherited)",
					"@executable_path/Frameworks",
				);
				PRODUCT_BUNDLE_IDENTIFIER = com.example.NightWatch;
				PRODUCT_NAME = "$(TARGET_NAME)";
				SWIFT_VERSION = 5.0;
				TARGETED_DEVICE_FAMILY = "1,2";
			};
			name = Release;
		};
		BF1C207725CD9406002FE39F /* Debug */ = {
			isa = XCBuildConfiguration;
			buildSettings = {
				ALWAYS_EMBED_SWIFT_STANDARD_LIBRARIES = YES;
				BUNDLE_LOADER = "$(TEST_HOST)";
				CODE_SIGN_STYLE = Automatic;
				INFOPLIST_FILE = NightWatchTests/Info.plist;
				IPHONEOS_DEPLOYMENT_TARGET = 14.0;
				LD_RUNPATH_SEARCH_PATHS = (
					"$(inherited)",
					"@executable_path/Frameworks",
					"@loader_path/Frameworks",
				);
				PRODUCT_BUNDLE_IDENTIFIER = com.example.NightWatchTests;
				PRODUCT_NAME = "$(TARGET_NAME)";
				SWIFT_VERSION = 5.0;
				TARGETED_DEVICE_FAMILY = "1,2";
				TEST_HOST = "$(BUILT_PRODUCTS_DIR)/NightWatch.app/NightWatch";
			};
			name = Debug;
		};
		BF1C207825CD9406002FE39F /* Release */ = {
			isa = XCBuildConfiguration;
			buildSettings = {
				ALWAYS_EMBED_SWIFT_STANDARD_LIBRARIES = YES;
				BUNDLE_LOADER = "$(TEST_HOST)";
				CODE_SIGN_STYLE = Automatic;
				INFOPLIST_FILE = NightWatchTests/Info.plist;
				IPHONEOS_DEPLOYMENT_TARGET = 14.0;
				LD_RUNPATH_SEARCH_PATHS = (
					"$(inherited)",
					"@executable_path/Frameworks",
					"@loader_path/Frameworks",
				);
				PRODUCT_BUNDLE_IDENTIFIER = com.example.NightWatchTests;
				PRODUCT_NAME = "$(TARGET_NAME)";
				SWIFT_VERSION = 5.0;
				TARGETED_DEVICE_FAMILY = "1,2";
				TEST_HOST = "$(BUILT_PRODUCTS_DIR)/NightWatch.app/NightWatch";
			};
			name = Release;
		};
		BF1C207A25CD9406002FE39F /* Debug */ = {
			isa = XCBuildConfiguration;
			buildSettings = {
				ALWAYS_EMBED_SWIFT_STANDARD_LIBRARIES = YES;
				CODE_SIGN_STYLE = Automatic;
				INFOPLIST_FILE = NightWatchUITests/Info.plist;
				LD_RUNPATH_SEARCH_PATHS = (
					"$(inherited)",
					"@executable_path/Frameworks",
					"@loader_path/Frameworks",
				);
				PRODUCT_BUNDLE_IDENTIFIER = com.example.NightWatchUITests;
				PRODUCT_NAME = "$(TARGET_NAME)";
				SWIFT_VERSION = 5.0;
				TARGETED_DEVICE_FAMILY = "1,2";
				TEST_TARGET_NAME = NightWatch;
			};
			name = Debug;
		};
		BF1C207B25CD9406002FE39F /* Release */ = {
			isa = XCBuildConfiguration;
			buildSettings = {
				ALWAYS_EMBED_SWIFT_STANDARD_LIBRARIES = YES;
				CODE_SIGN_STYLE = Automatic;
				INFOPLIST_FILE = NightWatchUITests/Info.plist;
				LD_RUNPATH_SEARCH_PATHS = (
					"$(inherited)",
					"@executable_path/Frameworks",
					"@loader_path/Frameworks",
				);
				PRODUCT_BUNDLE_IDENTIFIER = com.example.NightWatchUITests;
				PRODUCT_NAME = "$(TARGET_NAME)";
				SWIFT_VERSION = 5.0;
				TARGETED_DEVICE_FAMILY = "1,2";
				TEST_TARGET_NAME = NightWatch;
			};
			name = Release;
		};
/* End XCBuildConfiguration section */

/* Begin XCConfigurationList section */
		BF1C204925CD9403002FE39F /* Build configuration list for PBXProject "NightWatch" */ = {
			isa = XCConfigurationList;
			buildConfigurations = (
				BF1C207125CD9406002FE39F /* Debug */,
				BF1C207225CD9406002FE39F /* Release */,
			);
			defaultConfigurationIsVisible = 0;
			defaultConfigurationName = Release;
		};
		BF1C207325CD9406002FE39F /* Build configuration list for PBXNativeTarget "NightWatch" */ = {
			isa = XCConfigurationList;
			buildConfigurations = (
				BF1C207425CD9406002FE39F /* Debug */,
				BF1C207525CD9406002FE39F /* Release */,
			);
			defaultConfigurationIsVisible = 0;
			defaultConfigurationName = Release;
		};
		BF1C207625CD9406002FE39F /* Build configuration list for PBXNativeTarget "NightWatchTests" */ = {
			isa = XCConfigurationList;
			buildConfigurations = (
				BF1C207725CD9406002FE39F /* Debug */,
				BF1C207825CD9406002FE39F /* Release */,
			);
			defaultConfigurationIsVisible = 0;
			defaultConfigurationName = Release;
		};
		BF1C207925CD9406002FE39F /* Build configuration list for PBXNativeTarget "NightWatchUITests" */ = {
			isa = XCConfigurationList;
			buildConfigurations = (
				BF1C207A25CD9406002FE39F /* Debug */,
				BF1C207B25CD9406002FE39F /* Release */,
			);
			defaultConfigurationIsVisible = 0;
			defaultConfigurationName = Release;
		};
/* End XCConfigurationList section */
	};
	rootObject = BF1C204625CD9403002FE39F /* Project object */;
}
